github.com/goki/ki v1.0.2 h1:mupuGLlIFrkpXe28UiZr5tD/2nGMfBEL86/bZclyx8g=
github.com/goki/ki v1.0.2/go.mod h1:X+gmVeAym3JDSbbiA7iF1qkgAlTVWl1JV9sRsGDzxOA=
github.com/goki/prof v0.0.0-20180502205428-54bc71b5d09b/go.mod h1:pgRizZOb3eUJr+ByZnXnPvt+a0fVOTn0Ujc2TqVZpW4=
github.com/jinzhu/copier v0.0.0-20190924061706-b57f9002281a/go.mod h1:yL958EeXv8Ylng6IfnvG4oflryUi3vgA3xPs9hmII1s=
github.com/mattn/go-runewidth v0.0.9 h1:Lm995f3rfxdpd6TSmuVCHVb/QhupuXlYr8sCI/QdE+0=
github.com/mattn/go-runewidth v0.0.9/go.mod h1:H031xJmbD/WCDINGzjvQ9THkh0rPKHF+m2gUSrubnMI=
github.com/nsf/termbox-go v0.0.0-20200418040025-38ba6e5628f1 h1:lh3PyZvY+B9nFliSGTn5uFuqQQJGuNrD0MLCokv09ag=
github.com/nsf/termbox-go v0.0.0-20200418040025-38ba6e5628f1/go.mod h1:IuKpRQcYE1Tfu+oAQqaLisqDeXgjyyltCfsaoYN18NQ=
